
Microsoft Visual Studio Solution File, Format Version 12.00
# Visual Studio Version 16
VisualStudioVersion = 16.0.30320.27
MinimumVisualStudioVersion = 10.0.40219.1
Project("{FAE04EC0-301F-11D3-BF4B-00C04F79EFBC}") = "EmployeeManagment", "EmployeeManagment\EmployeeManagment.csproj", "{AD1872A3-417F-47A9-885A-C4D1DE4AA84B}"
EndProject
Global
	GlobalSection(SolutionConfigurationPlatforms) = preSolution
		Debug|Any CPU = Debug|Any CPU
		Release|Any CPU = Release|Any CPU
	EndGlobalSection
	GlobalSection(ProjectConfigurationPlatforms) = postSolution
		{AD1872A3-417F-47A9-885A-C4D1DE4AA84B}.Debug|Any CPU.ActiveCfg = Debug|Any CPU
		{AD1872A3-417F-47A9-885A-C4D1DE4AA84B}.Debug|Any CPU.Build.0 = Debug|Any CPU
		{AD1872A3-417F-47A9-885A-C4D1DE4AA84B}.Release|Any CPU.ActiveCfg = Release|Any CPU
		{AD1872A3-417F-47A9-885A-C4D1DE4AA84B}.Release|Any CPU.Build.0 = Release|Any CPU
	EndGlobalSection
	GlobalSection(SolutionProperties) = preSolution
		HideSolutionNode = FALSE
	EndGlobalSection
	GlobalSection(ExtensibilityGlobals) = postSolution
		SolutionGuid = {E19BB026-957F-4893-BC39-C4DABC2F7FE6}
	EndGlobalSection
EndGlobal
